
Microsoft Visual Studio Solution File, Format Version 12.00
# Visual Studio 15
VisualStudioVersion = 15.0.27130.2010
MinimumVisualStudioVersion = 10.0.40219.1
Project("{FAE04EC0-301F-11D3-BF4B-00C04F79EFBC}") = "Northwind.Entities", "Northwind.Entities\Northwind.Entities.csproj", "{46250282-2AF6-4C6E-B44E-540BDBAB2AD7}"
EndProject
Project("{FAE04EC0-301F-11D3-BF4B-00C04F79EFBC}") = "Northwind.DataAccess", "Northwind.DataAccess\Northwind.DataAccess.csproj", "{9B409AAE-0411-4E25-ABE2-F68C73993034}"
EndProject
Project("{FAE04EC0-301F-11D3-BF4B-00C04F79EFBC}") = "Northwind.Business", "Northwind.Business\Northwind.Business.csproj", "{3262689A-B801-4261-9818-3AB83EC3C877}"
EndProject
Project("{FAE04EC0-301F-11D3-BF4B-00C04F79EFBC}") = "Northwind.MvcUI", "Northwind.MvcUI\Northwind.MvcUI.csproj", "{8486BFAD-3191-4DE4-AD6C-859E2BCC2796}"
EndProject
Project("{FAE04EC0-301F-11D3-BF4B-00C04F79EFBC}") = "Msb.Core", "Msb.Core\Msb.Core.csproj", "{4026919D-F370-4F01-B529-3FC304BE8686}"
EndProject
Global
	GlobalSection(SolutionConfigurationPlatforms) = preSolution
		Debug|Any CPU = Debug|Any CPU
		Release|Any CPU = Release|Any CPU
	EndGlobalSection
	GlobalSection(ProjectConfigurationPlatforms) = postSolution
		{46250282-2AF6-4C6E-B44E-540BDBAB2AD7}.Debug|Any CPU.ActiveCfg = Debug|Any CPU
		{46250282-2AF6-4C6E-B44E-540BDBAB2AD7}.Debug|Any CPU.Build.0 = Debug|Any CPU
		{46250282-2AF6-4C6E-B44E-540BDBAB2AD7}.Release|Any CPU.ActiveCfg = Release|Any CPU
		{46250282-2AF6-4C6E-B44E-540BDBAB2AD7}.Release|Any CPU.Build.0 = Release|Any CPU
		{9B409AAE-0411-4E25-ABE2-F68C73993034}.Debug|Any CPU.ActiveCfg = Debug|Any CPU
		{9B409AAE-0411-4E25-ABE2-F68C73993034}.Debug|Any CPU.Build.0 = Debug|Any CPU
		{9B409AAE-0411-4E25-ABE2-F68C73993034}.Release|Any CPU.ActiveCfg = Release|Any CPU
		{9B409AAE-0411-4E25-ABE2-F68C73993034}.Release|Any CPU.Build.0 = Release|Any CPU
		{3262689A-B801-4261-9818-3AB83EC3C877}.Debug|Any CPU.ActiveCfg = Debug|Any CPU
		{3262689A-B801-4261-9818-3AB83EC3C877}.Debug|Any CPU.Build.0 = Debug|Any CPU
		{3262689A-B801-4261-9818-3AB83EC3C877}.Release|Any CPU.ActiveCfg = Release|Any CPU
		{3262689A-B801-4261-9818-3AB83EC3C877}.Release|Any CPU.Build.0 = Release|Any CPU
		{8486BFAD-3191-4DE4-AD6C-859E2BCC2796}.Debug|Any CPU.ActiveCfg = Debug|Any CPU
		{8486BFAD-3191-4DE4-AD6C-859E2BCC2796}.Debug|Any CPU.Build.0 = Debug|Any CPU
		{8486BFAD-3191-4DE4-AD6C-859E2BCC2796}.Release|Any CPU.ActiveCfg = Release|Any CPU
		{8486BFAD-3191-4DE4-AD6C-859E2BCC2796}.Release|Any CPU.Build.0 = Release|Any CPU
		{4026919D-F370-4F01-B529-3FC304BE8686}.Debug|Any CPU.ActiveCfg = Debug|Any CPU
		{4026919D-F370-4F01-B529-3FC304BE8686}.Debug|Any CPU.Build.0 = Debug|Any CPU
		{4026919D-F370-4F01-B529-3FC304BE8686}.Release|Any CPU.ActiveCfg = Release|Any CPU
		{4026919D-F370-4F01-B529-3FC304BE8686}.Release|Any CPU.Build.0 = Release|Any CPU
	EndGlobalSection
	GlobalSection(SolutionProperties) = preSolution
		HideSolutionNode = FALSE
	EndGlobalSection
	GlobalSection(ExtensibilityGlobals) = postSolution
		SolutionGuid = {1DDF7DD5-B056-43A6-A196-75E3497B832F}
	EndGlobalSection
EndGlobal
